
Microsoft Visual Studio Solution File, Format Version 11.00
# Visual Studio 2010
Project("{8BC9CEB8-8B4A-11D0-8D11-00A0C91BC942}") = "Please", "Please\Please.vcxproj", "{3044957F-1A2F-4CF1-A04D-38C1D280CBFF}"
EndProject
Global
	GlobalSection(SolutionConfigurationPlatforms) = preSolution
		Debug|Win32 = Debug|Win32
		Release|Win32 = Release|Win32
	EndGlobalSection
	GlobalSection(ProjectConfigurationPlatforms) = postSolution
		{3044957F-1A2F-4CF1-A04D-38C1D280CBFF}.Debug|Win32.ActiveCfg = Debug|Win32
		{3044957F-1A2F-4CF1-A04D-38C1D280CBFF}.Debug|Win32.Build.0 = Debug|Win32
		{3044957F-1A2F-4CF1-A04D-38C1D280CBFF}.Release|Win32.ActiveCfg = Release|Win32
		{3044957F-1A2F-4CF1-A04D-38C1D280CBFF}.Release|Win32.Build.0 = Release|Win32
	EndGlobalSection
	GlobalSection(SolutionProperties) = preSolution
		HideSolutionNode = FALSE
	EndGlobalSection
EndGlobal
